
Microsoft Visual Studio Solution File, Format Version 12.00
# Visual Studio Version 17
VisualStudioVersion = 17.3.32929.385
MinimumVisualStudioVersion = 10.0.40219.1
Project("{778DAE3C-4631-46EA-AA77-85C1314464D9}") = "HRM_Police_DRC", "HRM_Police_DRC\HRM_Police_DRC.vbproj", "{338AA519-D176-4348-BEDC-670318412A2E}"
EndProject
Global
	GlobalSection(SolutionConfigurationPlatforms) = preSolution
		Debug|Any CPU = Debug|Any CPU
		Debug|x64 = Debug|x64
		Debug|x86 = Debug|x86
		Release|Any CPU = Release|Any CPU
		Release|x64 = Release|x64
		Release|x86 = Release|x86
	EndGlobalSection
	GlobalSection(ProjectConfigurationPlatforms) = postSolution
		{338AA519-D176-4348-BEDC-670318412A2E}.Debug|Any CPU.ActiveCfg = Debug|Any CPU
		{338AA519-D176-4348-BEDC-670318412A2E}.Debug|Any CPU.Build.0 = Debug|Any CPU
		{338AA519-D176-4348-BEDC-670318412A2E}.Debug|x64.ActiveCfg = Debug|x64
		{338AA519-D176-4348-BEDC-670318412A2E}.Debug|x64.Build.0 = Debug|x64
		{338AA519-D176-4348-BEDC-670318412A2E}.Debug|x86.ActiveCfg = Debug|x86
		{338AA519-D176-4348-BEDC-670318412A2E}.Debug|x86.Build.0 = Debug|x86
		{338AA519-D176-4348-BEDC-670318412A2E}.Release|Any CPU.ActiveCfg = Release|Any CPU
		{338AA519-D176-4348-BEDC-670318412A2E}.Release|Any CPU.Build.0 = Release|Any CPU
		{338AA519-D176-4348-BEDC-670318412A2E}.Release|x64.ActiveCfg = Release|x64
		{338AA519-D176-4348-BEDC-670318412A2E}.Release|x64.Build.0 = Release|x64
		{338AA519-D176-4348-BEDC-670318412A2E}.Release|x86.ActiveCfg = Release|x86
		{338AA519-D176-4348-BEDC-670318412A2E}.Release|x86.Build.0 = Release|x86
	EndGlobalSection
	GlobalSection(SolutionProperties) = preSolution
		HideSolutionNode = FALSE
	EndGlobalSection
	GlobalSection(ExtensibilityGlobals) = postSolution
		SolutionGuid = {A2CE3570-0F27-40E2-8863-843122D1B740}
	EndGlobalSection
EndGlobal
