
Microsoft Visual Studio Solution File, Format Version 12.00
# Visual Studio Version 16
VisualStudioVersion = 16.0.32929.386
MinimumVisualStudioVersion = 10.0.40219.1
Project("{F184B08F-C81C-45F6-A57F-5ABD9991F28F}") = "HRM_Police_DRC", "HRM_Police_DRC\HRM_Police_DRC.vbproj", "{338AA519-D176-4348-BEDC-670318412A2E}"
EndProject
Global
	GlobalSection(SolutionConfigurationPlatforms) = preSolution
		Debug|Any CPU = Debug|Any CPU
		Release|Any CPU = Release|Any CPU
	EndGlobalSection
	GlobalSection(ProjectConfigurationPlatforms) = postSolution
		{338AA519-D176-4348-BEDC-670318412A2E}.Debug|Any CPU.ActiveCfg = Debug|Any CPU
		{338AA519-D176-4348-BEDC-670318412A2E}.Debug|Any CPU.Build.0 = Debug|Any CPU
		{338AA519-D176-4348-BEDC-670318412A2E}.Release|Any CPU.ActiveCfg = Release|Any CPU
		{338AA519-D176-4348-BEDC-670318412A2E}.Release|Any CPU.Build.0 = Release|Any CPU
	EndGlobalSection
	GlobalSection(SolutionProperties) = preSolution
		HideSolutionNode = FALSE
	EndGlobalSection
	GlobalSection(ExtensibilityGlobals) = postSolution
		SolutionGuid = {A2CE3570-0F27-40E2-8863-843122D1B740}
	EndGlobalSection
EndGlobal
